// !$*UTF8*$!
{
	archiveVersion = 1;
	classes = {
	};
	objectVersion = 46;
	objects = {

/* Begin PBXBuildFile section */
		FAC00F781E241ECA001FFC91 /* AppDelegate.swift in Sources */ = {isa = PBXBuildFile; fileRef = FAC00F771E241ECA001FFC91 /* AppDelegate.swift */; };
		FAC00F7D1E241ECA001FFC91 /* Main.storyboard in Resources */ = {isa = PBXBuildFile; fileRef = FAC00F7B1E241ECA001FFC91 /* Main.storyboard */; };
		FAC00F801E241ECA001FFC91 /* MyYoutube.xcdatamodeld in Sources */ = {isa = PBXBuildFile; fileRef = FAC00F7E1E241ECA001FFC91 /* MyYoutube.xcdatamodeld */; };
		FAC00F821E241ECA001FFC91 /* Assets.xcassets in Resources */ = {isa = PBXBuildFile; fileRef = FAC00F811E241ECA001FFC91 /* Assets.xcassets */; };
		FAC00F851E241ECA001FFC91 /* LaunchScreen.storyboard in Resources */ = {isa = PBXBuildFile; fileRef = FAC00F831E241ECA001FFC91 /* LaunchScreen.storyboard */; };
		FAC00F8F1E241F59001FFC91 /* Extensions.swift in Sources */ = {isa = PBXBuildFile; fileRef = FAC00F8E1E241F59001FFC91 /* Extensions.swift */; };
		FAC00F911E241F63001FFC91 /* HomeViewController.swift in Sources */ = {isa = PBXBuildFile; fileRef = FAC00F901E241F63001FFC91 /* HomeViewController.swift */; };
		FAC00F931E241F74001FFC91 /* VideoCollectionViewCell.swift in Sources */ = {isa = PBXBuildFile; fileRef = FAC00F921E241F74001FFC91 /* VideoCollectionViewCell.swift */; };
		FAC00F951E241F8A001FFC91 /* MenuBar.swift in Sources */ = {isa = PBXBuildFile; fileRef = FAC00F941E241F8A001FFC91 /* MenuBar.swift */; };
		FAC00F971E241F91001FFC91 /* BaseCollectionViewCell.swift in Sources */ = {isa = PBXBuildFile; fileRef = FAC00F961E241F91001FFC91 /* BaseCollectionViewCell.swift */; };
		FAC00F991E242034001FFC91 /* MenuCollectionViewCell.swift in Sources */ = {isa = PBXBuildFile; fileRef = FAC00F981E242034001FFC91 /* MenuCollectionViewCell.swift */; };
		FAC00FA61E2423FA001FFC91 /* Video+CoreDataClass.swift in Sources */ = {isa = PBXBuildFile; fileRef = FAC00FA21E2423FA001FFC91 /* Video+CoreDataClass.swift */; };
		FAC00FA71E2423FA001FFC91 /* Video+CoreDataProperties.swift in Sources */ = {isa = PBXBuildFile; fileRef = FAC00FA31E2423FA001FFC91 /* Video+CoreDataProperties.swift */; };
		FAC00FA81E2423FA001FFC91 /* Channel+CoreDataClass.swift in Sources */ = {isa = PBXBuildFile; fileRef = FAC00FA41E2423FA001FFC91 /* Channel+CoreDataClass.swift */; };
		FAC00FA91E2423FA001FFC91 /* Channel+CoreDataProperties.swift in Sources */ = {isa = PBXBuildFile; fileRef = FAC00FA51E2423FA001FFC91 /* Channel+CoreDataProperties.swift */; };
/* End PBXBuildFile section */

/* Begin PBXFileReference section */
		FAC00F741E241ECA001FFC91 /* MyYoutube.app */ = {isa = PBXFileReference; explicitFileType = wrapper.application; includeInIndex = 0; path = MyYoutube.app; sourceTree = BUILT_PRODUCTS_DIR; };
		FAC00F771E241ECA001FFC91 /* AppDelegate.swift */ = {isa = PBXFileReference; lastKnownFileType = sourcecode.swift; path = AppDelegate.swift; sourceTree = "<group>"; };
		FAC00F7C1E241ECA001FFC91 /* Base */ = {isa = PBXFileReference; lastKnownFileType = file.storyboard; name = Base; path = Base.lproj/Main.storyboard; sourceTree = "<group>"; };
		FAC00F7F1E241ECA001FFC91 /* MyYoutube.xcdatamodel */ = {isa = PBXFileReference; lastKnownFileType = wrapper.xcdatamodel; path = MyYoutube.xcdatamodel; sourceTree = "<group>"; };
		FAC00F811E241ECA001FFC91 /* Assets.xcassets */ = {isa = PBXFileReference; lastKnownFileType = folder.assetcatalog; path = Assets.xcassets; sourceTree = "<group>"; };
		FAC00F841E241ECA001FFC91 /* Base */ = {isa = PBXFileReference; lastKnownFileType = file.storyboard; name = Base; path = Base.lproj/LaunchScreen.storyboard; sourceTree = "<group>"; };
		FAC00F861E241ECA001FFC91 /* Info.plist */ = {isa = PBXFileReference; lastKnownFileType = text.plist.xml; path = Info.plist; sourceTree = "<group>"; };
		FAC00F8E1E241F59001FFC91 /* Extensions.swift */ = {isa = PBXFileReference; fileEncoding = 4; lastKnownFileType = sourcecode.swift; path = Extensions.swift; sourceTree = "<group>"; };
		FAC00F901E241F63001FFC91 /* HomeViewController.swift */ = {isa = PBXFileReference; fileEncoding = 4; lastKnownFileType = sourcecode.swift; path = HomeViewController.swift; sourceTree = "<group>"; };
		FAC00F921E241F74001FFC91 /* VideoCollectionViewCell.swift */ = {isa = PBXFileReference; fileEncoding = 4; lastKnownFileType = sourcecode.swift; path = VideoCollectionViewCell.swift; sourceTree = "<group>"; };
		FAC00F941E241F8A001FFC91 /* MenuBar.swift */ = {isa = PBXFileReference; fileEncoding = 4; lastKnownFileType = sourcecode.swift; path = MenuBar.swift; sourceTree = "<group>"; };
		FAC00F961E241F91001FFC91 /* BaseCollectionViewCell.swift */ = {isa = PBXFileReference; fileEncoding = 4; lastKnownFileType = sourcecode.swift; path = BaseCollectionViewCell.swift; sourceTree = "<group>"; };
		FAC00F981E242034001FFC91 /* MenuCollectionViewCell.swift */ = {isa = PBXFileReference; fileEncoding = 4; lastKnownFileType = sourcecode.swift; path = MenuCollectionViewCell.swift; sourceTree = "<group>"; };
		FAC00FA21E2423FA001FFC91 /* Video+CoreDataClass.swift */ = {isa = PBXFileReference; fileEncoding = 4; lastKnownFileType = sourcecode.swift; name = "Video+CoreDataClass.swift"; path = "../Video+CoreDataClass.swift"; sourceTree = "<group>"; };
		FAC00FA31E2423FA001FFC91 /* Video+CoreDataProperties.swift */ = {isa = PBXFileReference; fileEncoding = 4; lastKnownFileType = sourcecode.swift; name = "Video+CoreDataProperties.swift"; path = "../Video+CoreDataProperties.swift"; sourceTree = "<group>"; };
		FAC00FA41E2423FA001FFC91 /* Channel+CoreDataClass.swift */ = {isa = PBXFileReference; fileEncoding = 4; lastKnownFileType = sourcecode.swift; name = "Channel+CoreDataClass.swift"; path = "../Channel+CoreDataClass.swift"; sourceTree = "<group>"; };
		FAC00FA51E2423FA001FFC91 /* Channel+CoreDataProperties.swift */ = {isa = PBXFileReference; fileEncoding = 4; lastKnownFileType = sourcecode.swift; name = "Channel+CoreDataProperties.swift"; path = "../Channel+CoreDataProperties.swift"; sourceTree = "<group>"; };
/* End PBXFileReference section */

/* Begin PBXFrameworksBuildPhase section */
		FAC00F711E241ECA001FFC91 /* Frameworks */ = {
			isa = PBXFrameworksBuildPhase;
			buildActionMask = 2147483647;
			files = (
			);
			runOnlyForDeploymentPostprocessing = 0;
		};
/* End PBXFrameworksBuildPhase section */

/* Begin PBXGroup section */
		FAC00F6B1E241ECA001FFC91 = {
			isa = PBXGroup;
			children = (
				FAC00F761E241ECA001FFC91 /* MyYoutube */,
				FAC00F751E241ECA001FFC91 /* Products */,
			);
			sourceTree = "<group>";
		};
		FAC00F751E241ECA001FFC91 /* Products */ = {
			isa = PBXGroup;
			children = (
				FAC00F741E241ECA001FFC91 /* MyYoutube.app */,
			);
			name = Products;
			sourceTree = "<group>";
		};
		FAC00F761E241ECA001FFC91 /* MyYoutube */ = {
			isa = PBXGroup;
			children = (
				FAC00FAA1E242AC9001FFC91 /* Core Data */,
				FAC00F771E241ECA001FFC91 /* AppDelegate.swift */,
				FAC00FAD1E242AF1001FFC91 /* Util */,
				FAC00FAB1E242AD5001FFC91 /* View */,
				FAC00FAC1E242ADF001FFC91 /* Controller */,
				FAC00F7B1E241ECA001FFC91 /* Main.storyboard */,
				FAC00F811E241ECA001FFC91 /* Assets.xcassets */,
				FAC00F831E241ECA001FFC91 /* LaunchScreen.storyboard */,
				FAC00F861E241ECA001FFC91 /* Info.plist */,
			);
			path = MyYoutube;
			sourceTree = "<group>";
		};
		FAC00FAA1E242AC9001FFC91 /* Core Data */ = {
			isa = PBXGroup;
			children = (
				FAC00FA21E2423FA001FFC91 /* Video+CoreDataClass.swift */,
				FAC00FA31E2423FA001FFC91 /* Video+CoreDataProperties.swift */,
				FAC00FA41E2423FA001FFC91 /* Channel+CoreDataClass.swift */,
				FAC00FA51E2423FA001FFC91 /* Channel+CoreDataProperties.swift */,
				FAC00F7E1E241ECA001FFC91 /* MyYoutube.xcdatamodeld */,
			);
			name = "Core Data";
			sourceTree = "<group>";
		};
		FAC00FAB1E242AD5001FFC91 /* View */ = {
			isa = PBXGroup;
			children = (
				FAC00F921E241F74001FFC91 /* VideoCollectionViewCell.swift */,
				FAC00F961E241F91001FFC91 /* BaseCollectionViewCell.swift */,
				FAC00F981E242034001FFC91 /* MenuCollectionViewCell.swift */,
				FAC00F941E241F8A001FFC91 /* MenuBar.swift */,
			);
			name = View;
			sourceTree = "<group>";
		};
		FAC00FAC1E242ADF001FFC91 /* Controller */ = {
			isa = PBXGroup;
			children = (
				FAC00F901E241F63001FFC91 /* HomeViewController.swift */,
			);
			name = Controller;
			sourceTree = "<group>";
		};
		FAC00FAD1E242AF1001FFC91 /* Util */ = {
			isa = PBXGroup;
			children = (
				FAC00F8E1E241F59001FFC91 /* Extensions.swift */,
			);
			name = Util;
			sourceTree = "<group>";
		};
/* End PBXGroup section */

/* Begin PBXNativeTarget section */
		FAC00F731E241ECA001FFC91 /* MyYoutube */ = {
			isa = PBXNativeTarget;
			buildConfigurationList = FAC00F891E241ECA001FFC91 /* Build configuration list for PBXNativeTarget "MyYoutube" */;
			buildPhases = (
				FAC00F701E241ECA001FFC91 /* Sources */,
				FAC00F711E241ECA001FFC91 /* Frameworks */,
				FAC00F721E241ECA001FFC91 /* Resources */,
			);
			buildRules = (
			);
			dependencies = (
			);
			name = MyYoutube;
			productName = MyYoutube;
			productReference = FAC00F741E241ECA001FFC91 /* MyYoutube.app */;
			productType = "com.apple.product-type.application";
		};
/* End PBXNativeTarget section */

/* Begin PBXProject section */
		FAC00F6C1E241ECA001FFC91 /* Project object */ = {
			isa = PBXProject;
			attributes = {
				LastSwiftUpdateCheck = 0820;
				LastUpgradeCheck = 0820;
				ORGANIZATIONNAME = Xuezhu;
				TargetAttributes = {
					FAC00F731E241ECA001FFC91 = {
						CreatedOnToolsVersion = 8.2.1;
						ProvisioningStyle = Automatic;
					};
				};
			};
			buildConfigurationList = FAC00F6F1E241ECA001FFC91 /* Build configuration list for PBXProject "MyYoutube" */;
			compatibilityVersion = "Xcode 3.2";
			developmentRegion = English;
			hasScannedForEncodings = 0;
			knownRegions = (
				en,
				Base,
			);
			mainGroup = FAC00F6B1E241ECA001FFC91;
			productRefGroup = FAC00F751E241ECA001FFC91 /* Products */;
			projectDirPath = "";
			projectRoot = "";
			targets = (
				FAC00F731E241ECA001FFC91 /* MyYoutube */,
			);
		};
/* End PBXProject section */

/* Begin PBXResourcesBuildPhase section */
		FAC00F721E241ECA001FFC91 /* Resources */ = {
			isa = PBXResourcesBuildPhase;
			buildActionMask = 2147483647;
			files = (
				FAC00F851E241ECA001FFC91 /* LaunchScreen.storyboard in Resources */,
				FAC00F821E241ECA001FFC91 /* Assets.xcassets in Resources */,
				FAC00F7D1E241ECA001FFC91 /* Main.storyboard in Resources */,
			);
			runOnlyForDeploymentPostprocessing = 0;
		};
/* End PBXResourcesBuildPhase section */

/* Begin PBXSourcesBuildPhase section */
		FAC00F701E241ECA001FFC91 /* Sources */ = {
			isa = PBXSourcesBuildPhase;
			buildActionMask = 2147483647;
			files = (
				FAC00F931E241F74001FFC91 /* VideoCollectionViewCell.swift in Sources */,
				FAC00F971E241F91001FFC91 /* BaseCollectionViewCell.swift in Sources */,
				FAC00F991E242034001FFC91 /* MenuCollectionViewCell.swift in Sources */,
				FAC00F8F1E241F59001FFC91 /* Extensions.swift in Sources */,
				FAC00FA61E2423FA001FFC91 /* Video+CoreDataClass.swift in Sources */,
				FAC00FA71E2423FA001FFC91 /* Video+CoreDataProperties.swift in Sources */,
				FAC00F801E241ECA001FFC91 /* MyYoutube.xcdatamodeld in Sources */,
				FAC00F781E241ECA001FFC91 /* AppDelegate.swift in Sources */,
				FAC00F951E241F8A001FFC91 /* MenuBar.swift in Sources */,
				FAC00F911E241F63001FFC91 /* HomeViewController.swift in Sources */,
				FAC00FA81E2423FA001FFC91 /* Channel+CoreDataClass.swift in Sources */,
				FAC00FA91E2423FA001FFC91 /* Channel+CoreDataProperties.swift in Sources */,
			);
			runOnlyForDeploymentPostprocessing = 0;
		};
/* End PBXSourcesBuildPhase section */

/* Begin PBXVariantGroup section */
		FAC00F7B1E241ECA001FFC91 /* Main.storyboard */ = {
			isa = PBXVariantGroup;
			children = (
				FAC00F7C1E241ECA001FFC91 /* Base */,
			);
			name = Main.storyboard;
			sourceTree = "<group>";
		};
		FAC00F831E241ECA001FFC91 /* LaunchScreen.storyboard */ = {
			isa = PBXVariantGroup;
			children = (
				FAC00F841E241ECA001FFC91 /* Base */,
			);
			name = LaunchScreen.storyboard;
			sourceTree = "<group>";
		};
/* End PBXVariantGroup section */

/* Begin XCBuildConfiguration section */
		FAC00F871E241ECA001FFC91 /* Debug */ = {
			isa = XCBuildConfiguration;
			buildSettings = {
				ALWAYS_SEARCH_USER_PATHS = NO;
				CLANG_ANALYZER_NONNULL = YES;
				CLANG_CXX_LANGUAGE_STANDARD = "gnu++0x";
				CLANG_CXX_LIBRARY = "libc++";
				CLANG_ENABLE_MODULES = YES;
				CLANG_ENABLE_OBJC_ARC = YES;
				CLANG_WARN_BOOL_CONVERSION = YES;
				CLANG_WARN_CONSTANT_CONVERSION = YES;
				CLANG_WARN_DIRECT_OBJC_ISA_USAGE = YES_ERROR;
				CLANG_WARN_DOCUMENTATION_COMMENTS = YES;
				CLANG_WARN_EMPTY_BODY = YES;
				CLANG_WARN_ENUM_CONVERSION = YES;
				CLANG_WARN_INFINITE_RECURSION = YES;
				CLANG_WARN_INT_CONVERSION = YES;
				CLANG_WARN_OBJC_ROOT_CLASS = YES_ERROR;
				CLANG_WARN_SUSPICIOUS_MOVE = YES;
				CLANG_WARN_UNREACHABLE_CODE = YES;
				CLANG_WARN__DUPLICATE_METHOD_MATCH = YES;
				"CODE_SIGN_IDENTITY[sdk=iphoneos*]" = "iPhone Developer";
				COPY_PHASE_STRIP = NO;
				DEBUG_INFORMATION_FORMAT = dwarf;
				ENABLE_STRICT_OBJC_MSGSEND = YES;
				ENABLE_TESTABILITY = YES;
				GCC_C_LANGUAGE_STANDARD = gnu99;
				GCC_DYNAMIC_NO_PIC = NO;
				GCC_NO_COMMON_BLOCKS = YES;
				GCC_OPTIMIZATION_LEVEL = 0;
				GCC_PREPROCESSOR_DEFINITIONS = (
					"DEBUG=1",
					"$(inherited)",
				);
				GCC_WARN_64_TO_32_BIT_CONVERSION = YES;
				GCC_WARN_ABOUT_RETURN_TYPE = YES_ERROR;
				GCC_WARN_UNDECLARED_SELECTOR = YES;
				GCC_WARN_UNINITIALIZED_AUTOS = YES_AGGRESSIVE;
				GCC_WARN_UNUSED_FUNCTION = YES;
				GCC_WARN_UNUSED_VARIABLE = YES;
				IPHONEOS_DEPLOYMENT_TARGET = 10.2;
				MTL_ENABLE_DEBUG_INFO = YES;
				ONLY_ACTIVE_ARCH = YES;
				SDKROOT = iphoneos;
				SWIFT_ACTIVE_COMPILATION_CONDITIONS = DEBUG;
				SWIFT_OPTIMIZATION_LEVEL = "-Onone";
				TARGETED_DEVICE_FAMILY = "1,2";
			};
			name = Debug;
		};
		FAC00F881E241ECA001FFC91 /* Release */ = {
			isa = XCBuildConfiguration;
			buildSettings = {
				ALWAYS_SEARCH_USER_PATHS = NO;
				CLANG_ANALYZER_NONNULL = YES;
				CLANG_CXX_LANGUAGE_STANDARD = "gnu++0x";
				CLANG_CXX_LIBRARY = "libc++";
				CLANG_ENABLE_MODULES = YES;
				CLANG_ENABLE_OBJC_ARC = YES;
				CLANG_WARN_BOOL_CONVERSION = YES;
				CLANG_WARN_CONSTANT_CONVERSION = YES;
				CLANG_WARN_DIRECT_OBJC_ISA_USAGE = YES_ERROR;
				CLANG_WARN_DOCUMENTATION_COMMENTS = YES;
				CLANG_WARN_EMPTY_BODY = YES;
				CLANG_WARN_ENUM_CONVERSION = YES;
				CLANG_WARN_INFINITE_RECURSION = YES;
				CLANG_WARN_INT_CONVERSION = YES;
				CLANG_WARN_OBJC_ROOT_CLASS = YES_ERROR;
				CLANG_WARN_SUSPICIOUS_MOVE = YES;
				CLANG_WARN_UNREACHABLE_CODE = YES;
				CLANG_WARN__DUPLICATE_METHOD_MATCH = YES;
				"CODE_SIGN_IDENTITY[sdk=iphoneos*]" = "iPhone Developer";
				COPY_PHASE_STRIP = NO;
				DEBUG_INFORMATION_FORMAT = "dwarf-with-dsym";
				ENABLE_NS_ASSERTIONS = NO;
				ENABLE_STRICT_OBJC_MSGSEND = YES;
				GCC_C_LANGUAGE_STANDARD = gnu99;
				GCC_NO_COMMON_BLOCKS = YES;
				GCC_WARN_64_TO_32_BIT_CONVERSION = YES;
				GCC_WARN_ABOUT_RETURN_TYPE = YES_ERROR;
				GCC_WARN_UNDECLARED_SELECTOR = YES;
				GCC_WARN_UNINITIALIZED_AUTOS = YES_AGGRESSIVE;
				GCC_WARN_UNUSED_FUNCTION = YES;
				GCC_WARN_UNUSED_VARIABLE = YES;
				IPHONEOS_DEPLOYMENT_TARGET = 10.2;
				MTL_ENABLE_DEBUG_INFO = NO;
				SDKROOT = iphoneos;
				SWIFT_OPTIMIZATION_LEVEL = "-Owholemodule";
				TARGETED_DEVICE_FAMILY = "1,2";
				VALIDATE_PRODUCT = YES;
			};
			name = Release;
		};
		FAC00F8A1E241ECA001FFC91 /* Debug */ = {
			isa = XCBuildConfiguration;
			buildSettings = {
				ASSETCATALOG_COMPILER_APPICON_NAME = AppIcon;
				INFOPLIST_FILE = MyYoutube/Info.plist;
				LD_RUNPATH_SEARCH_PATHS = "$(inherited) @executable_path/Frameworks";
				PRODUCT_BUNDLE_IDENTIFIER = xz.MyYoutube;
				PRODUCT_NAME = "$(TARGET_NAME)";
				SWIFT_VERSION = 3.0;
			};
			name = Debug;
		};
		FAC00F8B1E241ECA001FFC91 /* Release */ = {
			isa = XCBuildConfiguration;
			buildSettings = {
				ASSETCATALOG_COMPILER_APPICON_NAME = AppIcon;
				INFOPLIST_FILE = MyYoutube/Info.plist;
				LD_RUNPATH_SEARCH_PATHS = "$(inherited) @executable_path/Frameworks";
				PRODUCT_BUNDLE_IDENTIFIER = xz.MyYoutube;
				PRODUCT_NAME = "$(TARGET_NAME)";
				SWIFT_VERSION = 3.0;
			};
			name = Release;
		};
/* End XCBuildConfiguration section */

/* Begin XCConfigurationList section */
		FAC00F6F1E241ECA001FFC91 /* Build configuration list for PBXProject "MyYoutube" */ = {
			isa = XCConfigurationList;
			buildConfigurations = (
				FAC00F871E241ECA001FFC91 /* Debug */,
				FAC00F881E241ECA001FFC91 /* Release */,
			);
			defaultConfigurationIsVisible = 0;
			defaultConfigurationName = Release;
		};
		FAC00F891E241ECA001FFC91 /* Build configuration list for PBXNativeTarget "MyYoutube" */ = {
			isa = XCConfigurationList;
			buildConfigurations = (
				FAC00F8A1E241ECA001FFC91 /* Debug */,
				FAC00F8B1E241ECA001FFC91 /* Release */,
			);
			defaultConfigurationIsVisible = 0;
		};
/* End XCConfigurationList section */

/* Begin XCVersionGroup section */
		FAC00F7E1E241ECA001FFC91 /* MyYoutube.xcdatamodeld */ = {
			isa = XCVersionGroup;
			children = (
				FAC00F7F1E241ECA001FFC91 /* MyYoutube.xcdatamodel */,
			);
			currentVersion = FAC00F7F1E241ECA001FFC91 /* MyYoutube.xcdatamodel */;
			path = MyYoutube.xcdatamodeld;
			sourceTree = "<group>";
			versionGroupType = wrapper.xcdatamodel;
		};
/* End XCVersionGroup section */
	};
	rootObject = FAC00F6C1E241ECA001FFC91 /* Project object */;
}
